// !$*UTF8*$!
{
	archiveVersion = 1;
	classes = {
	};
	objectVersion = 46;
	objects = {

/* Begin PBXBuildFile section */
		AA8780B01D8F7E43009A79F3 /* AppDelegate.swift in Sources */ = {isa = PBXBuildFile; fileRef = AA8780AF1D8F7E43009A79F3 /* AppDelegate.swift */; };
		AA8780B21D8F7E43009A79F3 /* ViewController.swift in Sources */ = {isa = PBXBuildFile; fileRef = AA8780B11D8F7E43009A79F3 /* ViewController.swift */; };
		AA8780B51D8F7E43009A79F3 /* Main.storyboard in Resources */ = {isa = PBXBuildFile; fileRef = AA8780B31D8F7E43009A79F3 /* Main.storyboard */; };
		AA8780B71D8F7E43009A79F3 /* Assets.xcassets in Resources */ = {isa = PBXBuildFile; fileRef = AA8780B61D8F7E43009A79F3 /* Assets.xcassets */; };
		AA8780BA1D8F7E43009A79F3 /* LaunchScreen.storyboard in Resources */ = {isa = PBXBuildFile; fileRef = AA8780B81D8F7E43009A79F3 /* LaunchScreen.storyboard */; };
		AA8780C21D8F7E84009A79F3 /* Datos.swift in Sources */ = {isa = PBXBuildFile; fileRef = AA8780C11D8F7E84009A79F3 /* Datos.swift */; settings = {ASSET_TAGS = (); }; };
/* End PBXBuildFile section */

/* Begin PBXFileReference section */
		AA8780AC1D8F7E43009A79F3 /* Hamburguesas.app */ = {isa = PBXFileReference; explicitFileType = wrapper.application; includeInIndex = 0; path = Hamburguesas.app; sourceTree = BUILT_PRODUCTS_DIR; };
		AA8780AF1D8F7E43009A79F3 /* AppDelegate.swift */ = {isa = PBXFileReference; lastKnownFileType = sourcecode.swift; path = AppDelegate.swift; sourceTree = "<group>"; };
		AA8780B11D8F7E43009A79F3 /* ViewController.swift */ = {isa = PBXFileReference; lastKnownFileType = sourcecode.swift; path = ViewController.swift; sourceTree = "<group>"; };
		AA8780B41D8F7E43009A79F3 /* Base */ = {isa = PBXFileReference; lastKnownFileType = file.storyboard; name = Base; path = Base.lproj/Main.storyboard; sourceTree = "<group>"; };
		AA8780B61D8F7E43009A79F3 /* Assets.xcassets */ = {isa = PBXFileReference; lastKnownFileType = folder.assetcatalog; path = Assets.xcassets; sourceTree = "<group>"; };
		AA8780B91D8F7E43009A79F3 /* Base */ = {isa = PBXFileReference; lastKnownFileType = file.storyboard; name = Base; path = Base.lproj/LaunchScreen.storyboard; sourceTree = "<group>"; };
		AA8780BB1D8F7E43009A79F3 /* Info.plist */ = {isa = PBXFileReference; lastKnownFileType = text.plist.xml; path = Info.plist; sourceTree = "<group>"; };
		AA8780C11D8F7E84009A79F3 /* Datos.swift */ = {isa = PBXFileReference; fileEncoding = 4; lastKnownFileType = sourcecode.swift; path = Datos.swift; sourceTree = "<group>"; };
/* End PBXFileReference section */

/* Begin PBXFrameworksBuildPhase section */
		AA8780A91D8F7E43009A79F3 /* Frameworks */ = {
			isa = PBXFrameworksBuildPhase;
			buildActionMask = 2147483647;
			files = (
			);
			runOnlyForDeploymentPostprocessing = 0;
		};
/* End PBXFrameworksBuildPhase section */

/* Begin PBXGroup section */
		AA8780A31D8F7E43009A79F3 = {
			isa = PBXGroup;
			children = (
				AA8780AE1D8F7E43009A79F3 /* Hamburguesas */,
				AA8780AD1D8F7E43009A79F3 /* Products */,
			);
			sourceTree = "<group>";
		};
		AA8780AD1D8F7E43009A79F3 /* Products */ = {
			isa = PBXGroup;
			children = (
				AA8780AC1D8F7E43009A79F3 /* Hamburguesas.app */,
			);
			name = Products;
			sourceTree = "<group>";
		};
		AA8780AE1D8F7E43009A79F3 /* Hamburguesas */ = {
			isa = PBXGroup;
			children = (
				AA8780AF1D8F7E43009A79F3 /* AppDelegate.swift */,
				AA8780B11D8F7E43009A79F3 /* ViewController.swift */,
				AA8780B31D8F7E43009A79F3 /* Main.storyboard */,
				AA8780B61D8F7E43009A79F3 /* Assets.xcassets */,
				AA8780B81D8F7E43009A79F3 /* LaunchScreen.storyboard */,
				AA8780BB1D8F7E43009A79F3 /* Info.plist */,
				AA8780C11D8F7E84009A79F3 /* Datos.swift */,
			);
			path = Hamburguesas;
			sourceTree = "<group>";
		};
/* End PBXGroup section */

/* Begin PBXNativeTarget section */
		AA8780AB1D8F7E43009A79F3 /* Hamburguesas */ = {
			isa = PBXNativeTarget;
			buildConfigurationList = AA8780BE1D8F7E43009A79F3 /* Build configuration list for PBXNativeTarget "Hamburguesas" */;
			buildPhases = (
				AA8780A81D8F7E43009A79F3 /* Sources */,
				AA8780A91D8F7E43009A79F3 /* Frameworks */,
				AA8780AA1D8F7E43009A79F3 /* Resources */,
			);
			buildRules = (
			);
			dependencies = (
			);
			name = Hamburguesas;
			productName = Hamburguesas;
			productReference = AA8780AC1D8F7E43009A79F3 /* Hamburguesas.app */;
			productType = "com.apple.product-type.application";
		};
/* End PBXNativeTarget section */

/* Begin PBXProject section */
		AA8780A41D8F7E43009A79F3 /* Project object */ = {
			isa = PBXProject;
			attributes = {
				LastUpgradeCheck = 0700;
				ORGANIZATIONNAME = "Miguel Angel Reyes";
				TargetAttributes = {
					AA8780AB1D8F7E43009A79F3 = {
						CreatedOnToolsVersion = 7.0.1;
					};
				};
			};
			buildConfigurationList = AA8780A71D8F7E43009A79F3 /* Build configuration list for PBXProject "Hamburguesas" */;
			compatibilityVersion = "Xcode 3.2";
			developmentRegion = English;
			hasScannedForEncodings = 0;
			knownRegions = (
				en,
				Base,
			);
			mainGroup = AA8780A31D8F7E43009A79F3;
			productRefGroup = AA8780AD1D8F7E43009A79F3 /* Products */;
			projectDirPath = "";
			projectRoot = "";
			targets = (
				AA8780AB1D8F7E43009A79F3 /* Hamburguesas */,
			);
		};
/* End PBXProject section */

/* Begin PBXResourcesBuildPhase section */
		AA8780AA1D8F7E43009A79F3 /* Resources */ = {
			isa = PBXResourcesBuildPhase;
			buildActionMask = 2147483647;
			files = (
				AA8780BA1D8F7E43009A79F3 /* LaunchScreen.storyboard in Resources */,
				AA8780B71D8F7E43009A79F3 /* Assets.xcassets in Resources */,
				AA8780B51D8F7E43009A79F3 /* Main.storyboard in Resources */,
			);
			runOnlyForDeploymentPostprocessing = 0;
		};
/* End PBXResourcesBuildPhase section */

/* Begin PBXSourcesBuildPhase section */
		AA8780A81D8F7E43009A79F3 /* Sources */ = {
			isa = PBXSourcesBuildPhase;
			buildActionMask = 2147483647;
			files = (
				AA8780B21D8F7E43009A79F3 /* ViewController.swift in Sources */,
				AA8780B01D8F7E43009A79F3 /* AppDelegate.swift in Sources */,
				AA8780C21D8F7E84009A79F3 /* Datos.swift in Sources */,
			);
			runOnlyForDeploymentPostprocessing = 0;
		};
/* End PBXSourcesBuildPhase section */

/* Begin PBXVariantGroup section */
		AA8780B31D8F7E43009A79F3 /* Main.storyboard */ = {
			isa = PBXVariantGroup;
			children = (
				AA8780B41D8F7E43009A79F3 /* Base */,
			);
			name = Main.storyboard;
			sourceTree = "<group>";
		};
		AA8780B81D8F7E43009A79F3 /* LaunchScreen.storyboard */ = {
			isa = PBXVariantGroup;
			children = (
				AA8780B91D8F7E43009A79F3 /* Base */,
			);
			name = LaunchScreen.storyboard;
			sourceTree = "<group>";
		};
/* End PBXVariantGroup section */

/* Begin XCBuildConfiguration section */
		AA8780BC1D8F7E43009A79F3 /* Debug */ = {
			isa = XCBuildConfiguration;
			buildSettings = {
				ALWAYS_SEARCH_USER_PATHS = NO;
				CLANG_CXX_LANGUAGE_STANDARD = "gnu++0x";
				CLANG_CXX_LIBRARY = "libc++";
				CLANG_ENABLE_MODULES = YES;
				CLANG_ENABLE_OBJC_ARC = YES;
				CLANG_WARN_BOOL_CONVERSION = YES;
				CLANG_WARN_CONSTANT_CONVERSION = YES;
				CLANG_WARN_DIRECT_OBJC_ISA_USAGE = YES_ERROR;
				CLANG_WARN_EMPTY_BODY = YES;
				CLANG_WARN_ENUM_CONVERSION = YES;
				CLANG_WARN_INT_CONVERSION = YES;
				CLANG_WARN_OBJC_ROOT_CLASS = YES_ERROR;
				CLANG_WARN_UNREACHABLE_CODE = YES;
				CLANG_WARN__DUPLICATE_METHOD_MATCH = YES;
				"CODE_SIGN_IDENTITY[sdk=iphoneos*]" = "iPhone Developer";
				COPY_PHASE_STRIP = NO;
				DEBUG_INFORMATION_FORMAT = dwarf;
				ENABLE_STRICT_OBJC_MSGSEND = YES;
				ENABLE_TESTABILITY = YES;
				GCC_C_LANGUAGE_STANDARD = gnu99;
				GCC_DYNAMIC_NO_PIC = NO;
				GCC_NO_COMMON_BLOCKS = YES;
				GCC_OPTIMIZATION_LEVEL = 0;
				GCC_PREPROCESSOR_DEFINITIONS = (
					"DEBUG=1",
					"$(inherited)",
				);
				GCC_WARN_64_TO_32_BIT_CONVERSION = YES;
				GCC_WARN_ABOUT_RETURN_TYPE = YES_ERROR;
				GCC_WARN_UNDECLARED_SELECTOR = YES;
				GCC_WARN_UNINITIALIZED_AUTOS = YES_AGGRESSIVE;
				GCC_WARN_UNUSED_FUNCTION = YES;
				GCC_WARN_UNUSED_VARIABLE = YES;
				IPHONEOS_DEPLOYMENT_TARGET = 9.0;
				MTL_ENABLE_DEBUG_INFO = YES;
				ONLY_ACTIVE_ARCH = YES;
				SDKROOT = iphoneos;
				SWIFT_OPTIMIZATION_LEVEL = "-Onone";
			};
			name = Debug;
		};
		AA8780BD1D8F7E43009A79F3 /* Release */ = {
			isa = XCBuildConfiguration;
			buildSettings = {
				ALWAYS_SEARCH_USER_PATHS = NO;
				CLANG_CXX_LANGUAGE_STANDARD = "gnu++0x";
				CLANG_CXX_LIBRARY = "libc++";
				CLANG_ENABLE_MODULES = YES;
				CLANG_ENABLE_OBJC_ARC = YES;
				CLANG_WARN_BOOL_CONVERSION = YES;
				CLANG_WARN_CONSTANT_CONVERSION = YES;
				CLANG_WARN_DIRECT_OBJC_ISA_USAGE = YES_ERROR;
				CLANG_WARN_EMPTY_BODY = YES;
				CLANG_WARN_ENUM_CONVERSION = YES;
				CLANG_WARN_INT_CONVERSION = YES;
				CLANG_WARN_OBJC_ROOT_CLASS = YES_ERROR;
				CLANG_WARN_UNREACHABLE_CODE = YES;
				CLANG_WARN__DUPLICATE_METHOD_MATCH = YES;
				"CODE_SIGN_IDENTITY[sdk=iphoneos*]" = "iPhone Developer";
				COPY_PHASE_STRIP = NO;
				DEBUG_INFORMATION_FORMAT = "dwarf-with-dsym";
				ENABLE_NS_ASSERTIONS = NO;
				ENABLE_STRICT_OBJC_MSGSEND = YES;
				GCC_C_LANGUAGE_STANDARD = gnu99;
				GCC_NO_COMMON_BLOCKS = YES;
				GCC_WARN_64_TO_32_BIT_CONVERSION = YES;
				GCC_WARN_ABOUT_RETURN_TYPE = YES_ERROR;
				GCC_WARN_UNDECLARED_SELECTOR = YES;
				GCC_WARN_UNINITIALIZED_AUTOS = YES_AGGRESSIVE;
				GCC_WARN_UNUSED_FUNCTION = YES;
				GCC_WARN_UNUSED_VARIABLE = YES;
				IPHONEOS_DEPLOYMENT_TARGET = 9.0;
				MTL_ENABLE_DEBUG_INFO = NO;
				SDKROOT = iphoneos;
				VALIDATE_PRODUCT = YES;
			};
			name = Release;
		};
		AA8780BF1D8F7E43009A79F3 /* Debug */ = {
			isa = XCBuildConfiguration;
			buildSettings = {
				ASSETCATALOG_COMPILER_APPICON_NAME = AppIcon;
				INFOPLIST_FILE = Hamburguesas/Info.plist;
				LD_RUNPATH_SEARCH_PATHS = "$(inherited) @executable_path/Frameworks";
				PRODUCT_BUNDLE_IDENTIFIER = mx.gomsa.Hamburguesas;
				PRODUCT_NAME = "$(TARGET_NAME)";
			};
			name = Debug;
		};
		AA8780C01D8F7E43009A79F3 /* Release */ = {
			isa = XCBuildConfiguration;
			buildSettings = {
				ASSETCATALOG_COMPILER_APPICON_NAME = AppIcon;
				INFOPLIST_FILE = Hamburguesas/Info.plist;
				LD_RUNPATH_SEARCH_PATHS = "$(inherited) @executable_path/Frameworks";
				PRODUCT_BUNDLE_IDENTIFIER = mx.gomsa.Hamburguesas;
				PRODUCT_NAME = "$(TARGET_NAME)";
			};
			name = Release;
		};
/* End XCBuildConfiguration section */

/* Begin XCConfigurationList section */
		AA8780A71D8F7E43009A79F3 /* Build configuration list for PBXProject "Hamburguesas" */ = {
			isa = XCConfigurationList;
			buildConfigurations = (
				AA8780BC1D8F7E43009A79F3 /* Debug */,
				AA8780BD1D8F7E43009A79F3 /* Release */,
			);
			defaultConfigurationIsVisible = 0;
			defaultConfigurationName = Release;
		};
		AA8780BE1D8F7E43009A79F3 /* Build configuration list for PBXNativeTarget "Hamburguesas" */ = {
			isa = XCConfigurationList;
			buildConfigurations = (
				AA8780BF1D8F7E43009A79F3 /* Debug */,
				AA8780C01D8F7E43009A79F3 /* Release */,
			);
			defaultConfigurationIsVisible = 0;
		};
/* End XCConfigurationList section */
	};
	rootObject = AA8780A41D8F7E43009A79F3 /* Project object */;
}
